// !$*UTF8*$!
{
	archiveVersion = 1;
	classes = {
	};
	objectVersion = 46;
	objects = {

/* Begin PBXBuildFile section */
		F57482CF1F399D3F002B39AA /* main.m in Sources */ = {isa = PBXBuildFile; fileRef = F57482CE1F399D3F002B39AA /* main.m */; };
		F57482D21F399D3F002B39AA /* AppDelegate.m in Sources */ = {isa = PBXBuildFile; fileRef = F57482D11F399D3F002B39AA /* AppDelegate.m */; };
		F57482D51F399D3F002B39AA /* ViewController.m in Sources */ = {isa = PBXBuildFile; fileRef = F57482D41F399D3F002B39AA /* ViewController.m */; };
		F57482D81F399D3F002B39AA /* Main.storyboard in Resources */ = {isa = PBXBuildFile; fileRef = F57482D61F399D3F002B39AA /* Main.storyboard */; };
		F57482DA1F399D3F002B39AA /* Assets.xcassets in Resources */ = {isa = PBXBuildFile; fileRef = F57482D91F399D3F002B39AA /* Assets.xcassets */; };
		F57482DD1F399D3F002B39AA /* LaunchScreen.storyboard in Resources */ = {isa = PBXBuildFile; fileRef = F57482DB1F399D3F002B39AA /* LaunchScreen.storyboard */; };
		F57482E81F399D40002B39AA /* __8TriangleTests.m in Sources */ = {isa = PBXBuildFile; fileRef = F57482E71F399D40002B39AA /* __8TriangleTests.m */; };
		F57482F31F399D40002B39AA /* __8TriangleUITests.m in Sources */ = {isa = PBXBuildFile; fileRef = F57482F21F399D40002B39AA /* __8TriangleUITests.m */; };
/* End PBXBuildFile section */

/* Begin PBXContainerItemProxy section */
		F57482E41F399D40002B39AA /* PBXContainerItemProxy */ = {
			isa = PBXContainerItemProxy;
			containerPortal = F57482C21F399D3F002B39AA /* Project object */;
			proxyType = 1;
			remoteGlobalIDString = F57482C91F399D3F002B39AA;
			remoteInfo = "8-8Triangle";
		};
		F57482EF1F399D40002B39AA /* PBXContainerItemProxy */ = {
			isa = PBXContainerItemProxy;
			containerPortal = F57482C21F399D3F002B39AA /* Project object */;
			proxyType = 1;
			remoteGlobalIDString = F57482C91F399D3F002B39AA;
			remoteInfo = "8-8Triangle";
		};
/* End PBXContainerItemProxy section */

/* Begin PBXFileReference section */
		F57482CA1F399D3F002B39AA /* 8-8Triangle.app */ = {isa = PBXFileReference; explicitFileType = wrapper.application; includeInIndex = 0; path = "8-8Triangle.app"; sourceTree = BUILT_PRODUCTS_DIR; };
		F57482CE1F399D3F002B39AA /* main.m */ = {isa = PBXFileReference; lastKnownFileType = sourcecode.c.objc; path = main.m; sourceTree = "<group>"; };
		F57482D01F399D3F002B39AA /* AppDelegate.h */ = {isa = PBXFileReference; lastKnownFileType = sourcecode.c.h; path = AppDelegate.h; sourceTree = "<group>"; };
		F57482D11F399D3F002B39AA /* AppDelegate.m */ = {isa = PBXFileReference; lastKnownFileType = sourcecode.c.objc; path = AppDelegate.m; sourceTree = "<group>"; };
		F57482D31F399D3F002B39AA /* ViewController.h */ = {isa = PBXFileReference; lastKnownFileType = sourcecode.c.h; path = ViewController.h; sourceTree = "<group>"; };
		F57482D41F399D3F002B39AA /* ViewController.m */ = {isa = PBXFileReference; lastKnownFileType = sourcecode.c.objc; path = ViewController.m; sourceTree = "<group>"; };
		F57482D71F399D3F002B39AA /* Base */ = {isa = PBXFileReference; lastKnownFileType = file.storyboard; name = Base; path = Base.lproj/Main.storyboard; sourceTree = "<group>"; };
		F57482D91F399D3F002B39AA /* Assets.xcassets */ = {isa = PBXFileReference; lastKnownFileType = folder.assetcatalog; path = Assets.xcassets; sourceTree = "<group>"; };
		F57482DC1F399D3F002B39AA /* Base */ = {isa = PBXFileReference; lastKnownFileType = file.storyboard; name = Base; path = Base.lproj/LaunchScreen.storyboard; sourceTree = "<group>"; };
		F57482DE1F399D3F002B39AA /* Info.plist */ = {isa = PBXFileReference; lastKnownFileType = text.plist.xml; path = Info.plist; sourceTree = "<group>"; };
		F57482E31F399D40002B39AA /* 8-8TriangleTests.xctest */ = {isa = PBXFileReference; explicitFileType = wrapper.cfbundle; includeInIndex = 0; path = "8-8TriangleTests.xctest"; sourceTree = BUILT_PRODUCTS_DIR; };
		F57482E71F399D40002B39AA /* __8TriangleTests.m */ = {isa = PBXFileReference; lastKnownFileType = sourcecode.c.objc; path = __8TriangleTests.m; sourceTree = "<group>"; };
		F57482E91F399D40002B39AA /* Info.plist */ = {isa = PBXFileReference; lastKnownFileType = text.plist.xml; path = Info.plist; sourceTree = "<group>"; };
		F57482EE1F399D40002B39AA /* 8-8TriangleUITests.xctest */ = {isa = PBXFileReference; explicitFileType = wrapper.cfbundle; includeInIndex = 0; path = "8-8TriangleUITests.xctest"; sourceTree = BUILT_PRODUCTS_DIR; };
		F57482F21F399D40002B39AA /* __8TriangleUITests.m */ = {isa = PBXFileReference; lastKnownFileType = sourcecode.c.objc; path = __8TriangleUITests.m; sourceTree = "<group>"; };
		F57482F41F399D40002B39AA /* Info.plist */ = {isa = PBXFileReference; lastKnownFileType = text.plist.xml; path = Info.plist; sourceTree = "<group>"; };
/* End PBXFileReference section */

/* Begin PBXFrameworksBuildPhase section */
		F57482C71F399D3F002B39AA /* Frameworks */ = {
			isa = PBXFrameworksBuildPhase;
			buildActionMask = 2147483647;
			files = (
			);
			runOnlyForDeploymentPostprocessing = 0;
		};
		F57482E01F399D40002B39AA /* Frameworks */ = {
			isa = PBXFrameworksBuildPhase;
			buildActionMask = 2147483647;
			files = (
			);
			runOnlyForDeploymentPostprocessing = 0;
		};
		F57482EB1F399D40002B39AA /* Frameworks */ = {
			isa = PBXFrameworksBuildPhase;
			buildActionMask = 2147483647;
			files = (
			);
			runOnlyForDeploymentPostprocessing = 0;
		};
/* End PBXFrameworksBuildPhase section */

/* Begin PBXGroup section */
		F57482C11F399D3F002B39AA = {
			isa = PBXGroup;
			children = (
				F57482CC1F399D3F002B39AA /* 8-8Triangle */,
				F57482E61F399D40002B39AA /* 8-8TriangleTests */,
				F57482F11F399D40002B39AA /* 8-8TriangleUITests */,
				F57482CB1F399D3F002B39AA /* Products */,
			);
			sourceTree = "<group>";
		};
		F57482CB1F399D3F002B39AA /* Products */ = {
			isa = PBXGroup;
			children = (
				F57482CA1F399D3F002B39AA /* 8-8Triangle.app */,
				F57482E31F399D40002B39AA /* 8-8TriangleTests.xctest */,
				F57482EE1F399D40002B39AA /* 8-8TriangleUITests.xctest */,
			);
			name = Products;
			sourceTree = "<group>";
		};
		F57482CC1F399D3F002B39AA /* 8-8Triangle */ = {
			isa = PBXGroup;
			children = (
				F57482D01F399D3F002B39AA /* AppDelegate.h */,
				F57482D11F399D3F002B39AA /* AppDelegate.m */,
				F57482D31F399D3F002B39AA /* ViewController.h */,
				F57482D41F399D3F002B39AA /* ViewController.m */,
				F57482D61F399D3F002B39AA /* Main.storyboard */,
				F57482D91F399D3F002B39AA /* Assets.xcassets */,
				F57482DB1F399D3F002B39AA /* LaunchScreen.storyboard */,
				F57482DE1F399D3F002B39AA /* Info.plist */,
				F57482CD1F399D3F002B39AA /* Supporting Files */,
			);
			path = "8-8Triangle";
			sourceTree = "<group>";
		};
		F57482CD1F399D3F002B39AA /* Supporting Files */ = {
			isa = PBXGroup;
			children = (
				F57482CE1F399D3F002B39AA /* main.m */,
			);
			name = "Supporting Files";
			sourceTree = "<group>";
		};
		F57482E61F399D40002B39AA /* 8-8TriangleTests */ = {
			isa = PBXGroup;
			children = (
				F57482E71F399D40002B39AA /* __8TriangleTests.m */,
				F57482E91F399D40002B39AA /* Info.plist */,
			);
			path = "8-8TriangleTests";
			sourceTree = "<group>";
		};
		F57482F11F399D40002B39AA /* 8-8TriangleUITests */ = {
			isa = PBXGroup;
			children = (
				F57482F21F399D40002B39AA /* __8TriangleUITests.m */,
				F57482F41F399D40002B39AA /* Info.plist */,
			);
			path = "8-8TriangleUITests";
			sourceTree = "<group>";
		};
/* End PBXGroup section */

/* Begin PBXNativeTarget section */
		F57482C91F399D3F002B39AA /* 8-8Triangle */ = {
			isa = PBXNativeTarget;
			buildConfigurationList = F57482F71F399D40002B39AA /* Build configuration list for PBXNativeTarget "8-8Triangle" */;
			buildPhases = (
				F57482C61F399D3F002B39AA /* Sources */,
				F57482C71F399D3F002B39AA /* Frameworks */,
				F57482C81F399D3F002B39AA /* Resources */,
			);
			buildRules = (
			);
			dependencies = (
			);
			name = "8-8Triangle";
			productName = "8-8Triangle";
			productReference = F57482CA1F399D3F002B39AA /* 8-8Triangle.app */;
			productType = "com.apple.product-type.application";
		};
		F57482E21F399D40002B39AA /* 8-8TriangleTests */ = {
			isa = PBXNativeTarget;
			buildConfigurationList = F57482FA1F399D40002B39AA /* Build configuration list for PBXNativeTarget "8-8TriangleTests" */;
			buildPhases = (
				F57482DF1F399D40002B39AA /* Sources */,
				F57482E01F399D40002B39AA /* Frameworks */,
				F57482E11F399D40002B39AA /* Resources */,
			);
			buildRules = (
			);
			dependencies = (
				F57482E51F399D40002B39AA /* PBXTargetDependency */,
			);
			name = "8-8TriangleTests";
			productName = "8-8TriangleTests";
			productReference = F57482E31F399D40002B39AA /* 8-8TriangleTests.xctest */;
			productType = "com.apple.product-type.bundle.unit-test";
		};
		F57482ED1F399D40002B39AA /* 8-8TriangleUITests */ = {
			isa = PBXNativeTarget;
			buildConfigurationList = F57482FD1F399D40002B39AA /* Build configuration list for PBXNativeTarget "8-8TriangleUITests" */;
			buildPhases = (
				F57482EA1F399D40002B39AA /* Sources */,
				F57482EB1F399D40002B39AA /* Frameworks */,
				F57482EC1F399D40002B39AA /* Resources */,
			);
			buildRules = (
			);
			dependencies = (
				F57482F01F399D40002B39AA /* PBXTargetDependency */,
			);
			name = "8-8TriangleUITests";
			productName = "8-8TriangleUITests";
			productReference = F57482EE1F399D40002B39AA /* 8-8TriangleUITests.xctest */;
			productType = "com.apple.product-type.bundle.ui-testing";
		};
/* End PBXNativeTarget section */

/* Begin PBXProject section */
		F57482C21F399D3F002B39AA /* Project object */ = {
			isa = PBXProject;
			attributes = {
				LastUpgradeCheck = 0830;
				ORGANIZATIONNAME = wyman;
				TargetAttributes = {
					F57482C91F399D3F002B39AA = {
						CreatedOnToolsVersion = 8.3.3;
						DevelopmentTeam = 9T725P7UDK;
						ProvisioningStyle = Automatic;
					};
					F57482E21F399D40002B39AA = {
						CreatedOnToolsVersion = 8.3.3;
						DevelopmentTeam = 9T725P7UDK;
						ProvisioningStyle = Automatic;
						TestTargetID = F57482C91F399D3F002B39AA;
					};
					F57482ED1F399D40002B39AA = {
						CreatedOnToolsVersion = 8.3.3;
						DevelopmentTeam = 9T725P7UDK;
						ProvisioningStyle = Automatic;
						TestTargetID = F57482C91F399D3F002B39AA;
					};
				};
			};
			buildConfigurationList = F57482C51F399D3F002B39AA /* Build configuration list for PBXProject "8-8Triangle" */;
			compatibilityVersion = "Xcode 3.2";
			developmentRegion = English;
			hasScannedForEncodings = 0;
			knownRegions = (
				en,
				Base,
			);
			mainGroup = F57482C11F399D3F002B39AA;
			productRefGroup = F57482CB1F399D3F002B39AA /* Products */;
			projectDirPath = "";
			projectRoot = "";
			targets = (
				F57482C91F399D3F002B39AA /* 8-8Triangle */,
				F57482E21F399D40002B39AA /* 8-8TriangleTests */,
				F57482ED1F399D40002B39AA /* 8-8TriangleUITests */,
			);
		};
/* End PBXProject section */

/* Begin PBXResourcesBuildPhase section */
		F57482C81F399D3F002B39AA /* Resources */ = {
			isa = PBXResourcesBuildPhase;
			buildActionMask = 2147483647;
			files = (
				F57482DD1F399D3F002B39AA /* LaunchScreen.storyboard in Resources */,
				F57482DA1F399D3F002B39AA /* Assets.xcassets in Resources */,
				F57482D81F399D3F002B39AA /* Main.storyboard in Resources */,
			);
			runOnlyForDeploymentPostprocessing = 0;
		};
		F57482E11F399D40002B39AA /* Resources */ = {
			isa = PBXResourcesBuildPhase;
			buildActionMask = 2147483647;
			files = (
			);
			runOnlyForDeploymentPostprocessing = 0;
		};
		F57482EC1F399D40002B39AA /* Resources */ = {
			isa = PBXResourcesBuildPhase;
			buildActionMask = 2147483647;
			files = (
			);
			runOnlyForDeploymentPostprocessing = 0;
		};
/* End PBXResourcesBuildPhase section */

/* Begin PBXSourcesBuildPhase section */
		F57482C61F399D3F002B39AA /* Sources */ = {
			isa = PBXSourcesBuildPhase;
			buildActionMask = 2147483647;
			files = (
				F57482D51F399D3F002B39AA /* ViewController.m in Sources */,
				F57482D21F399D3F002B39AA /* AppDelegate.m in Sources */,
				F57482CF1F399D3F002B39AA /* main.m in Sources */,
			);
			runOnlyForDeploymentPostprocessing = 0;
		};
		F57482DF1F399D40002B39AA /* Sources */ = {
			isa = PBXSourcesBuildPhase;
			buildActionMask = 2147483647;
			files = (
				F57482E81F399D40002B39AA /* __8TriangleTests.m in Sources */,
			);
			runOnlyForDeploymentPostprocessing = 0;
		};
		F57482EA1F399D40002B39AA /* Sources */ = {
			isa = PBXSourcesBuildPhase;
			buildActionMask = 2147483647;
			files = (
				F57482F31F399D40002B39AA /* __8TriangleUITests.m in Sources */,
			);
			runOnlyForDeploymentPostprocessing = 0;
		};
/* End PBXSourcesBuildPhase section */

/* Begin PBXTargetDependency section */
		F57482E51F399D40002B39AA /* PBXTargetDependency */ = {
			isa = PBXTargetDependency;
			target = F57482C91F399D3F002B39AA /* 8-8Triangle */;
			targetProxy = F57482E41F399D40002B39AA /* PBXContainerItemProxy */;
		};
		F57482F01F399D40002B39AA /* PBXTargetDependency */ = {
			isa = PBXTargetDependency;
			target = F57482C91F399D3F002B39AA /* 8-8Triangle */;
			targetProxy = F57482EF1F399D40002B39AA /* PBXContainerItemProxy */;
		};
/* End PBXTargetDependency section */

/* Begin PBXVariantGroup section */
		F57482D61F399D3F002B39AA /* Main.storyboard */ = {
			isa = PBXVariantGroup;
			children = (
				F57482D71F399D3F002B39AA /* Base */,
			);
			name = Main.storyboard;
			sourceTree = "<group>";
		};
		F57482DB1F399D3F002B39AA /* LaunchScreen.storyboard */ = {
			isa = PBXVariantGroup;
			children = (
				F57482DC1F399D3F002B39AA /* Base */,
			);
			name = LaunchScreen.storyboard;
			sourceTree = "<group>";
		};
/* End PBXVariantGroup section */

/* Begin XCBuildConfiguration section */
		F57482F51F399D40002B39AA /* Debug */ = {
			isa = XCBuildConfiguration;
			buildSettings = {
				ALWAYS_SEARCH_USER_PATHS = NO;
				CLANG_ANALYZER_NONNULL = YES;
				CLANG_ANALYZER_NUMBER_OBJECT_CONVERSION = YES_AGGRESSIVE;
				CLANG_CXX_LANGUAGE_STANDARD = "gnu++0x";
				CLANG_CXX_LIBRARY = "libc++";
				CLANG_ENABLE_MODULES = YES;
				CLANG_ENABLE_OBJC_ARC = YES;
				CLANG_WARN_BOOL_CONVERSION = YES;
				CLANG_WARN_CONSTANT_CONVERSION = YES;
				CLANG_WARN_DIRECT_OBJC_ISA_USAGE = YES_ERROR;
				CLANG_WARN_DOCUMENTATION_COMMENTS = YES;
				CLANG_WARN_EMPTY_BODY = YES;
				CLANG_WARN_ENUM_CONVERSION = YES;
				CLANG_WARN_INFINITE_RECURSION = YES;
				CLANG_WARN_INT_CONVERSION = YES;
				CLANG_WARN_OBJC_ROOT_CLASS = YES_ERROR;
				CLANG_WARN_SUSPICIOUS_MOVE = YES;
				CLANG_WARN_UNREACHABLE_CODE = YES;
				CLANG_WARN__DUPLICATE_METHOD_MATCH = YES;
				"CODE_SIGN_IDENTITY[sdk=iphoneos*]" = "iPhone Developer";
				COPY_PHASE_STRIP = NO;
				DEBUG_INFORMATION_FORMAT = dwarf;
				ENABLE_STRICT_OBJC_MSGSEND = YES;
				ENABLE_TESTABILITY = YES;
				GCC_C_LANGUAGE_STANDARD = gnu99;
				GCC_DYNAMIC_NO_PIC = NO;
				GCC_NO_COMMON_BLOCKS = YES;
				GCC_OPTIMIZATION_LEVEL = 0;
				GCC_PREPROCESSOR_DEFINITIONS = (
					"DEBUG=1",
					"$(inherited)",
				);
				GCC_WARN_64_TO_32_BIT_CONVERSION = YES;
				GCC_WARN_ABOUT_RETURN_TYPE = YES_ERROR;
				GCC_WARN_UNDECLARED_SELECTOR = YES;
				GCC_WARN_UNINITIALIZED_AUTOS = YES_AGGRESSIVE;
				GCC_WARN_UNUSED_FUNCTION = YES;
				GCC_WARN_UNUSED_VARIABLE = YES;
				IPHONEOS_DEPLOYMENT_TARGET = 10.3;
				MTL_ENABLE_DEBUG_INFO = YES;
				ONLY_ACTIVE_ARCH = YES;
				SDKROOT = iphoneos;
				TARGETED_DEVICE_FAMILY = "1,2";
			};
			name = Debug;
		};
		F57482F61F399D40002B39AA /* Release */ = {
			isa = XCBuildConfiguration;
			buildSettings = {
				ALWAYS_SEARCH_USER_PATHS = NO;
				CLANG_ANALYZER_NONNULL = YES;
				CLANG_ANALYZER_NUMBER_OBJECT_CONVERSION = YES_AGGRESSIVE;
				CLANG_CXX_LANGUAGE_STANDARD = "gnu++0x";
				CLANG_CXX_LIBRARY = "libc++";
				CLANG_ENABLE_MODULES = YES;
				CLANG_ENABLE_OBJC_ARC = YES;
				CLANG_WARN_BOOL_CONVERSION = YES;
				CLANG_WARN_CONSTANT_CONVERSION = YES;
				CLANG_WARN_DIRECT_OBJC_ISA_USAGE = YES_ERROR;
				CLANG_WARN_DOCUMENTATION_COMMENTS = YES;
				CLANG_WARN_EMPTY_BODY = YES;
				CLANG_WARN_ENUM_CONVERSION = YES;
				CLANG_WARN_INFINITE_RECURSION = YES;
				CLANG_WARN_INT_CONVERSION = YES;
				CLANG_WARN_OBJC_ROOT_CLASS = YES_ERROR;
				CLANG_WARN_SUSPICIOUS_MOVE = YES;
				CLANG_WARN_UNREACHABLE_CODE = YES;
				CLANG_WARN__DUPLICATE_METHOD_MATCH = YES;
				"CODE_SIGN_IDENTITY[sdk=iphoneos*]" = "iPhone Developer";
				COPY_PHASE_STRIP = NO;
				DEBUG_INFORMATION_FORMAT = "dwarf-with-dsym";
				ENABLE_NS_ASSERTIONS = NO;
				ENABLE_STRICT_OBJC_MSGSEND = YES;
				GCC_C_LANGUAGE_STANDARD = gnu99;
				GCC_NO_COMMON_BLOCKS = YES;
				GCC_WARN_64_TO_32_BIT_CONVERSION = YES;
				GCC_WARN_ABOUT_RETURN_TYPE = YES_ERROR;
				GCC_WARN_UNDECLARED_SELECTOR = YES;
				GCC_WARN_UNINITIALIZED_AUTOS = YES_AGGRESSIVE;
				GCC_WARN_UNUSED_FUNCTION = YES;
				GCC_WARN_UNUSED_VARIABLE = YES;
				IPHONEOS_DEPLOYMENT_TARGET = 10.3;
				MTL_ENABLE_DEBUG_INFO = NO;
				SDKROOT = iphoneos;
				TARGETED_DEVICE_FAMILY = "1,2";
				VALIDATE_PRODUCT = YES;
			};
			name = Release;
		};
		F57482F81F399D40002B39AA /* Debug */ = {
			isa = XCBuildConfiguration;
			buildSettings = {
				ASSETCATALOG_COMPILER_APPICON_NAME = AppIcon;
				DEVELOPMENT_TEAM = 9T725P7UDK;
				INFOPLIST_FILE = "8-8Triangle/Info.plist";
				LD_RUNPATH_SEARCH_PATHS = "$(inherited) @executable_path/Frameworks";
				PRODUCT_BUNDLE_IDENTIFIER = "wyman.--8Triangle";
				PRODUCT_NAME = "$(TARGET_NAME)";
			};
			name = Debug;
		};
		F57482F91F399D40002B39AA /* Release */ = {
			isa = XCBuildConfiguration;
			buildSettings = {
				ASSETCATALOG_COMPILER_APPICON_NAME = AppIcon;
				DEVELOPMENT_TEAM = 9T725P7UDK;
				INFOPLIST_FILE = "8-8Triangle/Info.plist";
				LD_RUNPATH_SEARCH_PATHS = "$(inherited) @executable_path/Frameworks";
				PRODUCT_BUNDLE_IDENTIFIER = "wyman.--8Triangle";
				PRODUCT_NAME = "$(TARGET_NAME)";
			};
			name = Release;
		};
		F57482FB1F399D40002B39AA /* Debug */ = {
			isa = XCBuildConfiguration;
			buildSettings = {
				BUNDLE_LOADER = "$(TEST_HOST)";
				DEVELOPMENT_TEAM = 9T725P7UDK;
				INFOPLIST_FILE = "8-8TriangleTests/Info.plist";
				LD_RUNPATH_SEARCH_PATHS = "$(inherited) @executable_path/Frameworks @loader_path/Frameworks";
				PRODUCT_BUNDLE_IDENTIFIER = "wyman.--8TriangleTests";
				PRODUCT_NAME = "$(TARGET_NAME)";
				TEST_HOST = "$(BUILT_PRODUCTS_DIR)/8-8Triangle.app/8-8Triangle";
			};
			name = Debug;
		};
		F57482FC1F399D40002B39AA /* Release */ = {
			isa = XCBuildConfiguration;
			buildSettings = {
				BUNDLE_LOADER = "$(TEST_HOST)";
				DEVELOPMENT_TEAM = 9T725P7UDK;
				INFOPLIST_FILE = "8-8TriangleTests/Info.plist";
				LD_RUNPATH_SEARCH_PATHS = "$(inherited) @executable_path/Frameworks @loader_path/Frameworks";
				PRODUCT_BUNDLE_IDENTIFIER = "wyman.--8TriangleTests";
				PRODUCT_NAME = "$(TARGET_NAME)";
				TEST_HOST = "$(BUILT_PRODUCTS_DIR)/8-8Triangle.app/8-8Triangle";
			};
			name = Release;
		};
		F57482FE1F399D40002B39AA /* Debug */ = {
			isa = XCBuildConfiguration;
			buildSettings = {
				DEVELOPMENT_TEAM = 9T725P7UDK;
				INFOPLIST_FILE = "8-8TriangleUITests/Info.plist";
				LD_RUNPATH_SEARCH_PATHS = "$(inherited) @executable_path/Frameworks @loader_path/Frameworks";
				PRODUCT_BUNDLE_IDENTIFIER = "wyman.--8TriangleUITests";
				PRODUCT_NAME = "$(TARGET_NAME)";
				TEST_TARGET_NAME = "8-8Triangle";
			};
			name = Debug;
		};
		F57482FF1F399D40002B39AA /* Release */ = {
			isa = XCBuildConfiguration;
			buildSettings = {
				DEVELOPMENT_TEAM = 9T725P7UDK;
				INFOPLIST_FILE = "8-8TriangleUITests/Info.plist";
				LD_RUNPATH_SEARCH_PATHS = "$(inherited) @executable_path/Frameworks @loader_path/Frameworks";
				PRODUCT_BUNDLE_IDENTIFIER = "wyman.--8TriangleUITests";
				PRODUCT_NAME = "$(TARGET_NAME)";
				TEST_TARGET_NAME = "8-8Triangle";
			};
			name = Release;
		};
/* End XCBuildConfiguration section */

/* Begin XCConfigurationList section */
		F57482C51F399D3F002B39AA /* Build configuration list for PBXProject "8-8Triangle" */ = {
			isa = XCConfigurationList;
			buildConfigurations = (
				F57482F51F399D40002B39AA /* Debug */,
				F57482F61F399D40002B39AA /* Release */,
			);
			defaultConfigurationIsVisible = 0;
			defaultConfigurationName = Release;
		};
		F57482F71F399D40002B39AA /* Build configuration list for PBXNativeTarget "8-8Triangle" */ = {
			isa = XCConfigurationList;
			buildConfigurations = (
				F57482F81F399D40002B39AA /* Debug */,
				F57482F91F399D40002B39AA /* Release */,
			);
			defaultConfigurationIsVisible = 0;
		};
		F57482FA1F399D40002B39AA /* Build configuration list for PBXNativeTarget "8-8TriangleTests" */ = {
			isa = XCConfigurationList;
			buildConfigurations = (
				F57482FB1F399D40002B39AA /* Debug */,
				F57482FC1F399D40002B39AA /* Release */,
			);
			defaultConfigurationIsVisible = 0;
		};
		F57482FD1F399D40002B39AA /* Build configuration list for PBXNativeTarget "8-8TriangleUITests" */ = {
			isa = XCConfigurationList;
			buildConfigurations = (
				F57482FE1F399D40002B39AA /* Debug */,
				F57482FF1F399D40002B39AA /* Release */,
			);
			defaultConfigurationIsVisible = 0;
		};
/* End XCConfigurationList section */
	};
	rootObject = F57482C21F399D3F002B39AA /* Project object */;
}
