// !$*UTF8*$!
{
	archiveVersion = 1;
	classes = {
	};
	objectVersion = 46;
	objects = {

/* Begin PBXBuildFile section */
		F524A1541EE4E07B00D0FF26 /* libSuperpoweredAudioIOS.a in Frameworks */ = {isa = PBXBuildFile; fileRef = F524A1311EE4E07B00D0FF26 /* libSuperpoweredAudioIOS.a */; };
		F524A1551EE4E07B00D0FF26 /* SuperpoweredIOSAudioIO.mm in Sources */ = {isa = PBXBuildFile; fileRef = F524A1431EE4E07B00D0FF26 /* SuperpoweredIOSAudioIO.mm */; };
		F524A1561EE4E07B00D0FF26 /* SuperpoweredNBandEQ.cpp in Sources */ = {isa = PBXBuildFile; fileRef = F524A1461EE4E07B00D0FF26 /* SuperpoweredNBandEQ.cpp */; };
		F524A15A1EE4FE3B00D0FF26 /* SuperpoweredOfflineProcessingExample-Info.plist in Resources */ = {isa = PBXBuildFile; fileRef = F524A1591EE4FE3B00D0FF26 /* SuperpoweredOfflineProcessingExample-Info.plist */; };
		F524A15E1EE4FF4500D0FF26 /* CoreMedia.framework in Frameworks */ = {isa = PBXBuildFile; fileRef = F524A15D1EE4FF4500D0FF26 /* CoreMedia.framework */; };
		F524A1601EE4FF4F00D0FF26 /* Accelerate.framework in Frameworks */ = {isa = PBXBuildFile; fileRef = F524A15F1EE4FF4F00D0FF26 /* Accelerate.framework */; };
		F524A1621EE4FF5900D0FF26 /* AudioToolbox.framework in Frameworks */ = {isa = PBXBuildFile; fileRef = F524A1611EE4FF5900D0FF26 /* AudioToolbox.framework */; };
		F524A1641EE4FF6300D0FF26 /* AVFoundation.framework in Frameworks */ = {isa = PBXBuildFile; fileRef = F524A1631EE4FF6300D0FF26 /* AVFoundation.framework */; };
		F524A1661EE4FF6C00D0FF26 /* CoreGraphics.framework in Frameworks */ = {isa = PBXBuildFile; fileRef = F524A1651EE4FF6C00D0FF26 /* CoreGraphics.framework */; };
		F524A1681EE4FF7600D0FF26 /* Foundation.framework in Frameworks */ = {isa = PBXBuildFile; fileRef = F524A1671EE4FF7600D0FF26 /* Foundation.framework */; };
		F524A16A1EE4FF8200D0FF26 /* MediaPlayer.framework in Frameworks */ = {isa = PBXBuildFile; fileRef = F524A1691EE4FF8200D0FF26 /* MediaPlayer.framework */; };
		F524A16C1EE4FF8B00D0FF26 /* UIKit.framework in Frameworks */ = {isa = PBXBuildFile; fileRef = F524A16B1EE4FF8B00D0FF26 /* UIKit.framework */; };
		F524A16E1EE4FF9F00D0FF26 /* QuartzCore.framework in Frameworks */ = {isa = PBXBuildFile; fileRef = F524A16D1EE4FF9F00D0FF26 /* QuartzCore.framework */; };
		F544944A1EE7C93B006861D6 /* FIT_UI.m in Sources */ = {isa = PBXBuildFile; fileRef = F54494491EE7C93B006861D6 /* FIT_UI.m */; };
		F544944D1EE7C991006861D6 /* FIT_UI_FOR_DYNAMICSCREENSIZE.m in Sources */ = {isa = PBXBuildFile; fileRef = F544944C1EE7C991006861D6 /* FIT_UI_FOR_DYNAMICSCREENSIZE.m */; };
		F544945B1EE8EE15006861D6 /* WYSoundWaveView.m in Sources */ = {isa = PBXBuildFile; fileRef = F544945A1EE8EE15006861D6 /* WYSoundWaveView.m */; };
		F544945E1EE9230E006861D6 /* WYSoundWaveRenderBufferQueue.mm in Sources */ = {isa = PBXBuildFile; fileRef = F544945D1EE9230E006861D6 /* WYSoundWaveRenderBufferQueue.mm */; };
		F54494611EE96DBB006861D6 /* WYSoundWaveBufferQueue.mm in Sources */ = {isa = PBXBuildFile; fileRef = F54494601EE96DBB006861D6 /* WYSoundWaveBufferQueue.mm */; };
		F575FA9F1EEE345600767D0B /* KakiImp.mp3 in Resources */ = {isa = PBXBuildFile; fileRef = F575FA9E1EEE345600767D0B /* KakiImp.mp3 */; };
		F587BFF11EDE501B00A73353 /* main.m in Sources */ = {isa = PBXBuildFile; fileRef = F587BFF01EDE501B00A73353 /* main.m */; };
		F587BFF41EDE501B00A73353 /* AppDelegate.m in Sources */ = {isa = PBXBuildFile; fileRef = F587BFF31EDE501B00A73353 /* AppDelegate.m */; };
		F587BFF71EDE501B00A73353 /* ViewController.mm in Sources */ = {isa = PBXBuildFile; fileRef = F587BFF61EDE501B00A73353 /* ViewController.mm */; };
		F587BFFA1EDE501B00A73353 /* Main.storyboard in Resources */ = {isa = PBXBuildFile; fileRef = F587BFF81EDE501B00A73353 /* Main.storyboard */; };
		F587BFFC1EDE501B00A73353 /* Assets.xcassets in Resources */ = {isa = PBXBuildFile; fileRef = F587BFFB1EDE501B00A73353 /* Assets.xcassets */; };
		F587BFFF1EDE501B00A73353 /* LaunchScreen.storyboard in Resources */ = {isa = PBXBuildFile; fileRef = F587BFFD1EDE501B00A73353 /* LaunchScreen.storyboard */; };
		F587C00A1EDE501C00A73353 /* __31SuperPoweredTests.m in Sources */ = {isa = PBXBuildFile; fileRef = F587C0091EDE501C00A73353 /* __31SuperPoweredTests.m */; };
		F587C0151EDE501C00A73353 /* __31SuperPoweredUITests.m in Sources */ = {isa = PBXBuildFile; fileRef = F587C0141EDE501C00A73353 /* __31SuperPoweredUITests.m */; };
/* End PBXBuildFile section */

/* Begin PBXContainerItemProxy section */
		F587C0061EDE501C00A73353 /* PBXContainerItemProxy */ = {
			isa = PBXContainerItemProxy;
			containerPortal = F587BFE41EDE501B00A73353 /* Project object */;
			proxyType = 1;
			remoteGlobalIDString = F587BFEB1EDE501B00A73353;
			remoteInfo = "5-31SuperPowered";
		};
		F587C0111EDE501C00A73353 /* PBXContainerItemProxy */ = {
			isa = PBXContainerItemProxy;
			containerPortal = F587BFE41EDE501B00A73353 /* Project object */;
			proxyType = 1;
			remoteGlobalIDString = F587BFEB1EDE501B00A73353;
			remoteInfo = "5-31SuperPowered";
		};
/* End PBXContainerItemProxy section */

/* Begin PBXFileReference section */
		F524A1311EE4E07B00D0FF26 /* libSuperpoweredAudioIOS.a */ = {isa = PBXFileReference; lastKnownFileType = archive.ar; path = libSuperpoweredAudioIOS.a; sourceTree = "<group>"; };
		F524A1321EE4E07B00D0FF26 /* Superpowered3BandEQ.h */ = {isa = PBXFileReference; fileEncoding = 4; lastKnownFileType = sourcecode.c.h; path = Superpowered3BandEQ.h; sourceTree = "<group>"; };
		F524A1331EE4E07B00D0FF26 /* SuperpoweredAdvancedAudioPlayer.h */ = {isa = PBXFileReference; fileEncoding = 4; lastKnownFileType = sourcecode.c.h; path = SuperpoweredAdvancedAudioPlayer.h; sourceTree = "<group>"; };
		F524A1341EE4E07B00D0FF26 /* SuperpoweredAnalyzer.h */ = {isa = PBXFileReference; fileEncoding = 4; lastKnownFileType = sourcecode.c.h; path = SuperpoweredAnalyzer.h; sourceTree = "<group>"; };
		F524A1351EE4E07B00D0FF26 /* SuperpoweredAudioBuffers.h */ = {isa = PBXFileReference; fileEncoding = 4; lastKnownFileType = sourcecode.c.h; path = SuperpoweredAudioBuffers.h; sourceTree = "<group>"; };
		F524A1361EE4E07B00D0FF26 /* SuperpoweredBandpassFilterbank.h */ = {isa = PBXFileReference; fileEncoding = 4; lastKnownFileType = sourcecode.c.h; path = SuperpoweredBandpassFilterbank.h; sourceTree = "<group>"; };
		F524A1371EE4E07B00D0FF26 /* SuperpoweredClipper.h */ = {isa = PBXFileReference; fileEncoding = 4; lastKnownFileType = sourcecode.c.h; path = SuperpoweredClipper.h; sourceTree = "<group>"; };
		F524A1381EE4E07B00D0FF26 /* SuperpoweredCompressor.h */ = {isa = PBXFileReference; fileEncoding = 4; lastKnownFileType = sourcecode.c.h; path = SuperpoweredCompressor.h; sourceTree = "<group>"; };
		F524A1391EE4E07B00D0FF26 /* SuperpoweredCPU.h */ = {isa = PBXFileReference; fileEncoding = 4; lastKnownFileType = sourcecode.c.h; path = SuperpoweredCPU.h; sourceTree = "<group>"; };
		F524A13A1EE4E07B00D0FF26 /* SuperpoweredDecoder.h */ = {isa = PBXFileReference; fileEncoding = 4; lastKnownFileType = sourcecode.c.h; path = SuperpoweredDecoder.h; sourceTree = "<group>"; };
		F524A13B1EE4E07B00D0FF26 /* SuperpoweredEcho.h */ = {isa = PBXFileReference; fileEncoding = 4; lastKnownFileType = sourcecode.c.h; path = SuperpoweredEcho.h; sourceTree = "<group>"; };
		F524A13C1EE4E07B00D0FF26 /* SuperpoweredFFT.h */ = {isa = PBXFileReference; fileEncoding = 4; lastKnownFileType = sourcecode.c.h; path = SuperpoweredFFT.h; sourceTree = "<group>"; };
		F524A13D1EE4E07B00D0FF26 /* SuperpoweredFilter.h */ = {isa = PBXFileReference; fileEncoding = 4; lastKnownFileType = sourcecode.c.h; path = SuperpoweredFilter.h; sourceTree = "<group>"; };
		F524A13E1EE4E07B00D0FF26 /* SuperpoweredFlanger.h */ = {isa = PBXFileReference; fileEncoding = 4; lastKnownFileType = sourcecode.c.h; path = SuperpoweredFlanger.h; sourceTree = "<group>"; };
		F524A13F1EE4E07B00D0FF26 /* SuperpoweredFrequencyDomain.h */ = {isa = PBXFileReference; fileEncoding = 4; lastKnownFileType = sourcecode.c.h; path = SuperpoweredFrequencyDomain.h; sourceTree = "<group>"; };
		F524A1401EE4E07B00D0FF26 /* SuperpoweredFX.h */ = {isa = PBXFileReference; fileEncoding = 4; lastKnownFileType = sourcecode.c.h; path = SuperpoweredFX.h; sourceTree = "<group>"; };
		F524A1411EE4E07B00D0FF26 /* SuperpoweredGate.h */ = {isa = PBXFileReference; fileEncoding = 4; lastKnownFileType = sourcecode.c.h; path = SuperpoweredGate.h; sourceTree = "<group>"; };
		F524A1421EE4E07B00D0FF26 /* SuperpoweredIOSAudioIO.h */ = {isa = PBXFileReference; fileEncoding = 4; lastKnownFileType = sourcecode.c.h; path = SuperpoweredIOSAudioIO.h; sourceTree = "<group>"; };
		F524A1431EE4E07B00D0FF26 /* SuperpoweredIOSAudioIO.mm */ = {isa = PBXFileReference; fileEncoding = 4; lastKnownFileType = sourcecode.cpp.objcpp; path = SuperpoweredIOSAudioIO.mm; sourceTree = "<group>"; };
		F524A1441EE4E07B00D0FF26 /* SuperpoweredLimiter.h */ = {isa = PBXFileReference; fileEncoding = 4; lastKnownFileType = sourcecode.c.h; path = SuperpoweredLimiter.h; sourceTree = "<group>"; };
		F524A1451EE4E07B00D0FF26 /* SuperpoweredMixer.h */ = {isa = PBXFileReference; fileEncoding = 4; lastKnownFileType = sourcecode.c.h; path = SuperpoweredMixer.h; sourceTree = "<group>"; };
		F524A1461EE4E07B00D0FF26 /* SuperpoweredNBandEQ.cpp */ = {isa = PBXFileReference; fileEncoding = 4; lastKnownFileType = sourcecode.cpp.cpp; path = SuperpoweredNBandEQ.cpp; sourceTree = "<group>"; };
		F524A1471EE4E07B00D0FF26 /* SuperpoweredNBandEQ.h */ = {isa = PBXFileReference; fileEncoding = 4; lastKnownFileType = sourcecode.c.h; path = SuperpoweredNBandEQ.h; sourceTree = "<group>"; };
		F524A14A1EE4E07B00D0FF26 /* SuperpoweredRecorder.h */ = {isa = PBXFileReference; fileEncoding = 4; lastKnownFileType = sourcecode.c.h; path = SuperpoweredRecorder.h; sourceTree = "<group>"; };
		F524A14B1EE4E07B00D0FF26 /* SuperpoweredResampler.h */ = {isa = PBXFileReference; fileEncoding = 4; lastKnownFileType = sourcecode.c.h; path = SuperpoweredResampler.h; sourceTree = "<group>"; };
		F524A14C1EE4E07B00D0FF26 /* SuperpoweredReverb.h */ = {isa = PBXFileReference; fileEncoding = 4; lastKnownFileType = sourcecode.c.h; path = SuperpoweredReverb.h; sourceTree = "<group>"; };
		F524A14D1EE4E07B00D0FF26 /* SuperpoweredRoll.h */ = {isa = PBXFileReference; fileEncoding = 4; lastKnownFileType = sourcecode.c.h; path = SuperpoweredRoll.h; sourceTree = "<group>"; };
		F524A14E1EE4E07B00D0FF26 /* SuperpoweredSimple.h */ = {isa = PBXFileReference; fileEncoding = 4; lastKnownFileType = sourcecode.c.h; path = SuperpoweredSimple.h; sourceTree = "<group>"; };
		F524A14F1EE4E07B00D0FF26 /* SuperpoweredSpatializer.h */ = {isa = PBXFileReference; fileEncoding = 4; lastKnownFileType = sourcecode.c.h; path = SuperpoweredSpatializer.h; sourceTree = "<group>"; };
		F524A1501EE4E07B00D0FF26 /* SuperpoweredTimeStretching.h */ = {isa = PBXFileReference; fileEncoding = 4; lastKnownFileType = sourcecode.c.h; path = SuperpoweredTimeStretching.h; sourceTree = "<group>"; };
		F524A1531EE4E07B00D0FF26 /* SuperpoweredWhoosh.h */ = {isa = PBXFileReference; fileEncoding = 4; lastKnownFileType = sourcecode.c.h; path = SuperpoweredWhoosh.h; sourceTree = "<group>"; };
		F524A1591EE4FE3B00D0FF26 /* SuperpoweredOfflineProcessingExample-Info.plist */ = {isa = PBXFileReference; fileEncoding = 4; lastKnownFileType = text.plist.xml; path = "SuperpoweredOfflineProcessingExample-Info.plist"; sourceTree = "<group>"; };
		F524A15B1EE4FE4F00D0FF26 /* SuperpoweredOfflineProcessingExample-Prefix.pch */ = {isa = PBXFileReference; lastKnownFileType = sourcecode.c.h; path = "SuperpoweredOfflineProcessingExample-Prefix.pch"; sourceTree = "<group>"; };
		F524A15D1EE4FF4500D0FF26 /* CoreMedia.framework */ = {isa = PBXFileReference; lastKnownFileType = wrapper.framework; name = CoreMedia.framework; path = System/Library/Frameworks/CoreMedia.framework; sourceTree = SDKROOT; };
		F524A15F1EE4FF4F00D0FF26 /* Accelerate.framework */ = {isa = PBXFileReference; lastKnownFileType = wrapper.framework; name = Accelerate.framework; path = System/Library/Frameworks/Accelerate.framework; sourceTree = SDKROOT; };
		F524A1611EE4FF5900D0FF26 /* AudioToolbox.framework */ = {isa = PBXFileReference; lastKnownFileType = wrapper.framework; name = AudioToolbox.framework; path = System/Library/Frameworks/AudioToolbox.framework; sourceTree = SDKROOT; };
		F524A1631EE4FF6300D0FF26 /* AVFoundation.framework */ = {isa = PBXFileReference; lastKnownFileType = wrapper.framework; name = AVFoundation.framework; path = System/Library/Frameworks/AVFoundation.framework; sourceTree = SDKROOT; };
		F524A1651EE4FF6C00D0FF26 /* CoreGraphics.framework */ = {isa = PBXFileReference; lastKnownFileType = wrapper.framework; name = CoreGraphics.framework; path = System/Library/Frameworks/CoreGraphics.framework; sourceTree = SDKROOT; };
		F524A1671EE4FF7600D0FF26 /* Foundation.framework */ = {isa = PBXFileReference; lastKnownFileType = wrapper.framework; name = Foundation.framework; path = System/Library/Frameworks/Foundation.framework; sourceTree = SDKROOT; };
		F524A1691EE4FF8200D0FF26 /* MediaPlayer.framework */ = {isa = PBXFileReference; lastKnownFileType = wrapper.framework; name = MediaPlayer.framework; path = System/Library/Frameworks/MediaPlayer.framework; sourceTree = SDKROOT; };
		F524A16B1EE4FF8B00D0FF26 /* UIKit.framework */ = {isa = PBXFileReference; lastKnownFileType = wrapper.framework; name = UIKit.framework; path = System/Library/Frameworks/UIKit.framework; sourceTree = SDKROOT; };
		F524A16D1EE4FF9F00D0FF26 /* QuartzCore.framework */ = {isa = PBXFileReference; lastKnownFileType = wrapper.framework; name = QuartzCore.framework; path = System/Library/Frameworks/QuartzCore.framework; sourceTree = SDKROOT; };
		F54494491EE7C93B006861D6 /* FIT_UI.m */ = {isa = PBXFileReference; fileEncoding = 4; lastKnownFileType = sourcecode.c.objc; path = FIT_UI.m; sourceTree = "<group>"; };
		F544944B1EE7C991006861D6 /* FIT_UI_FOR_DYNAMICSCREENSIZE.h */ = {isa = PBXFileReference; fileEncoding = 4; lastKnownFileType = sourcecode.c.h; path = FIT_UI_FOR_DYNAMICSCREENSIZE.h; sourceTree = "<group>"; };
		F544944C1EE7C991006861D6 /* FIT_UI_FOR_DYNAMICSCREENSIZE.m */ = {isa = PBXFileReference; fileEncoding = 4; lastKnownFileType = sourcecode.c.objc; path = FIT_UI_FOR_DYNAMICSCREENSIZE.m; sourceTree = "<group>"; };
		F54494591EE8EE15006861D6 /* WYSoundWaveView.h */ = {isa = PBXFileReference; fileEncoding = 4; lastKnownFileType = sourcecode.c.h; path = WYSoundWaveView.h; sourceTree = "<group>"; };
		F544945A1EE8EE15006861D6 /* WYSoundWaveView.m */ = {isa = PBXFileReference; fileEncoding = 4; lastKnownFileType = sourcecode.c.objc; path = WYSoundWaveView.m; sourceTree = "<group>"; };
		F544945C1EE9230E006861D6 /* WYSoundWaveRenderBufferQueue.h */ = {isa = PBXFileReference; fileEncoding = 4; lastKnownFileType = sourcecode.c.h; path = WYSoundWaveRenderBufferQueue.h; sourceTree = "<group>"; };
		F544945D1EE9230E006861D6 /* WYSoundWaveRenderBufferQueue.mm */ = {isa = PBXFileReference; fileEncoding = 4; lastKnownFileType = sourcecode.cpp.objcpp; path = WYSoundWaveRenderBufferQueue.mm; sourceTree = "<group>"; };
		F544945F1EE96DBB006861D6 /* WYSoundWaveBufferQueue.h */ = {isa = PBXFileReference; fileEncoding = 4; lastKnownFileType = sourcecode.c.h; path = WYSoundWaveBufferQueue.h; sourceTree = "<group>"; };
		F54494601EE96DBB006861D6 /* WYSoundWaveBufferQueue.mm */ = {isa = PBXFileReference; fileEncoding = 4; lastKnownFileType = sourcecode.cpp.objcpp; path = WYSoundWaveBufferQueue.mm; sourceTree = "<group>"; };
		F575FA9E1EEE345600767D0B /* KakiImp.mp3 */ = {isa = PBXFileReference; lastKnownFileType = audio.mp3; path = KakiImp.mp3; sourceTree = "<group>"; };
		F587BFEC1EDE501B00A73353 /* 5-31SuperPowered.app */ = {isa = PBXFileReference; explicitFileType = wrapper.application; includeInIndex = 0; path = "5-31SuperPowered.app"; sourceTree = BUILT_PRODUCTS_DIR; };
		F587BFF01EDE501B00A73353 /* main.m */ = {isa = PBXFileReference; lastKnownFileType = sourcecode.c.objc; path = main.m; sourceTree = "<group>"; };
		F587BFF21EDE501B00A73353 /* AppDelegate.h */ = {isa = PBXFileReference; lastKnownFileType = sourcecode.c.h; path = AppDelegate.h; sourceTree = "<group>"; };
		F587BFF31EDE501B00A73353 /* AppDelegate.m */ = {isa = PBXFileReference; lastKnownFileType = sourcecode.c.objc; path = AppDelegate.m; sourceTree = "<group>"; };
		F587BFF51EDE501B00A73353 /* ViewController.h */ = {isa = PBXFileReference; lastKnownFileType = sourcecode.c.h; path = ViewController.h; sourceTree = "<group>"; };
		F587BFF61EDE501B00A73353 /* ViewController.mm */ = {isa = PBXFileReference; lastKnownFileType = sourcecode.cpp.objcpp; path = ViewController.mm; sourceTree = "<group>"; };
		F587BFF91EDE501B00A73353 /* Base */ = {isa = PBXFileReference; lastKnownFileType = file.storyboard; name = Base; path = Base.lproj/Main.storyboard; sourceTree = "<group>"; };
		F587BFFB1EDE501B00A73353 /* Assets.xcassets */ = {isa = PBXFileReference; lastKnownFileType = folder.assetcatalog; path = Assets.xcassets; sourceTree = "<group>"; };
		F587BFFE1EDE501B00A73353 /* Base */ = {isa = PBXFileReference; lastKnownFileType = file.storyboard; name = Base; path = Base.lproj/LaunchScreen.storyboard; sourceTree = "<group>"; };
		F587C0001EDE501B00A73353 /* Info.plist */ = {isa = PBXFileReference; lastKnownFileType = text.plist.xml; path = Info.plist; sourceTree = "<group>"; };
		F587C0051EDE501C00A73353 /* 5-31SuperPoweredTests.xctest */ = {isa = PBXFileReference; explicitFileType = wrapper.cfbundle; includeInIndex = 0; path = "5-31SuperPoweredTests.xctest"; sourceTree = BUILT_PRODUCTS_DIR; };
		F587C0091EDE501C00A73353 /* __31SuperPoweredTests.m */ = {isa = PBXFileReference; lastKnownFileType = sourcecode.c.objc; path = __31SuperPoweredTests.m; sourceTree = "<group>"; };
		F587C00B1EDE501C00A73353 /* Info.plist */ = {isa = PBXFileReference; lastKnownFileType = text.plist.xml; path = Info.plist; sourceTree = "<group>"; };
		F587C0101EDE501C00A73353 /* 5-31SuperPoweredUITests.xctest */ = {isa = PBXFileReference; explicitFileType = wrapper.cfbundle; includeInIndex = 0; path = "5-31SuperPoweredUITests.xctest"; sourceTree = BUILT_PRODUCTS_DIR; };
		F587C0141EDE501C00A73353 /* __31SuperPoweredUITests.m */ = {isa = PBXFileReference; lastKnownFileType = sourcecode.c.objc; path = __31SuperPoweredUITests.m; sourceTree = "<group>"; };
		F587C0161EDE501C00A73353 /* Info.plist */ = {isa = PBXFileReference; lastKnownFileType = text.plist.xml; path = Info.plist; sourceTree = "<group>"; };
/* End PBXFileReference section */

/* Begin PBXFrameworksBuildPhase section */
		F587BFE91EDE501B00A73353 /* Frameworks */ = {
			isa = PBXFrameworksBuildPhase;
			buildActionMask = 2147483647;
			files = (
				F524A16E1EE4FF9F00D0FF26 /* QuartzCore.framework in Frameworks */,
				F524A16C1EE4FF8B00D0FF26 /* UIKit.framework in Frameworks */,
				F524A16A1EE4FF8200D0FF26 /* MediaPlayer.framework in Frameworks */,
				F524A1681EE4FF7600D0FF26 /* Foundation.framework in Frameworks */,
				F524A1661EE4FF6C00D0FF26 /* CoreGraphics.framework in Frameworks */,
				F524A1641EE4FF6300D0FF26 /* AVFoundation.framework in Frameworks */,
				F524A1621EE4FF5900D0FF26 /* AudioToolbox.framework in Frameworks */,
				F524A1601EE4FF4F00D0FF26 /* Accelerate.framework in Frameworks */,
				F524A15E1EE4FF4500D0FF26 /* CoreMedia.framework in Frameworks */,
				F524A1541EE4E07B00D0FF26 /* libSuperpoweredAudioIOS.a in Frameworks */,
			);
			runOnlyForDeploymentPostprocessing = 0;
		};
		F587C0021EDE501C00A73353 /* Frameworks */ = {
			isa = PBXFrameworksBuildPhase;
			buildActionMask = 2147483647;
			files = (
			);
			runOnlyForDeploymentPostprocessing = 0;
		};
		F587C00D1EDE501C00A73353 /* Frameworks */ = {
			isa = PBXFrameworksBuildPhase;
			buildActionMask = 2147483647;
			files = (
			);
			runOnlyForDeploymentPostprocessing = 0;
		};
/* End PBXFrameworksBuildPhase section */

/* Begin PBXGroup section */
		F524A1301EE4E07B00D0FF26 /* Superpowered */ = {
			isa = PBXGroup;
			children = (
				F524A15B1EE4FE4F00D0FF26 /* SuperpoweredOfflineProcessingExample-Prefix.pch */,
				F524A1591EE4FE3B00D0FF26 /* SuperpoweredOfflineProcessingExample-Info.plist */,
				F524A1311EE4E07B00D0FF26 /* libSuperpoweredAudioIOS.a */,
				F524A1321EE4E07B00D0FF26 /* Superpowered3BandEQ.h */,
				F524A1331EE4E07B00D0FF26 /* SuperpoweredAdvancedAudioPlayer.h */,
				F524A1341EE4E07B00D0FF26 /* SuperpoweredAnalyzer.h */,
				F524A1351EE4E07B00D0FF26 /* SuperpoweredAudioBuffers.h */,
				F524A1361EE4E07B00D0FF26 /* SuperpoweredBandpassFilterbank.h */,
				F524A1371EE4E07B00D0FF26 /* SuperpoweredClipper.h */,
				F524A1381EE4E07B00D0FF26 /* SuperpoweredCompressor.h */,
				F524A1391EE4E07B00D0FF26 /* SuperpoweredCPU.h */,
				F524A13A1EE4E07B00D0FF26 /* SuperpoweredDecoder.h */,
				F524A13B1EE4E07B00D0FF26 /* SuperpoweredEcho.h */,
				F524A13C1EE4E07B00D0FF26 /* SuperpoweredFFT.h */,
				F524A13D1EE4E07B00D0FF26 /* SuperpoweredFilter.h */,
				F524A13E1EE4E07B00D0FF26 /* SuperpoweredFlanger.h */,
				F524A13F1EE4E07B00D0FF26 /* SuperpoweredFrequencyDomain.h */,
				F524A1401EE4E07B00D0FF26 /* SuperpoweredFX.h */,
				F524A1411EE4E07B00D0FF26 /* SuperpoweredGate.h */,
				F524A1421EE4E07B00D0FF26 /* SuperpoweredIOSAudioIO.h */,
				F524A1431EE4E07B00D0FF26 /* SuperpoweredIOSAudioIO.mm */,
				F524A1441EE4E07B00D0FF26 /* SuperpoweredLimiter.h */,
				F524A1451EE4E07B00D0FF26 /* SuperpoweredMixer.h */,
				F524A1461EE4E07B00D0FF26 /* SuperpoweredNBandEQ.cpp */,
				F524A1471EE4E07B00D0FF26 /* SuperpoweredNBandEQ.h */,
				F524A14A1EE4E07B00D0FF26 /* SuperpoweredRecorder.h */,
				F524A14B1EE4E07B00D0FF26 /* SuperpoweredResampler.h */,
				F524A14C1EE4E07B00D0FF26 /* SuperpoweredReverb.h */,
				F524A14D1EE4E07B00D0FF26 /* SuperpoweredRoll.h */,
				F524A14E1EE4E07B00D0FF26 /* SuperpoweredSimple.h */,
				F524A14F1EE4E07B00D0FF26 /* SuperpoweredSpatializer.h */,
				F524A1501EE4E07B00D0FF26 /* SuperpoweredTimeStretching.h */,
				F524A1531EE4E07B00D0FF26 /* SuperpoweredWhoosh.h */,
			);
			path = Superpowered;
			sourceTree = "<group>";
		};
		F524A15C1EE4FF4400D0FF26 /* Frameworks */ = {
			isa = PBXGroup;
			children = (
				F524A16D1EE4FF9F00D0FF26 /* QuartzCore.framework */,
				F524A16B1EE4FF8B00D0FF26 /* UIKit.framework */,
				F524A1691EE4FF8200D0FF26 /* MediaPlayer.framework */,
				F524A1671EE4FF7600D0FF26 /* Foundation.framework */,
				F524A1651EE4FF6C00D0FF26 /* CoreGraphics.framework */,
				F524A1631EE4FF6300D0FF26 /* AVFoundation.framework */,
				F524A1611EE4FF5900D0FF26 /* AudioToolbox.framework */,
				F524A15F1EE4FF4F00D0FF26 /* Accelerate.framework */,
				F524A15D1EE4FF4500D0FF26 /* CoreMedia.framework */,
			);
			name = Frameworks;
			sourceTree = "<group>";
		};
		F587BFE31EDE501B00A73353 = {
			isa = PBXGroup;
			children = (
				F587BFEE1EDE501B00A73353 /* 5-31SuperPowered */,
				F587C0081EDE501C00A73353 /* 5-31SuperPoweredTests */,
				F587C0131EDE501C00A73353 /* 5-31SuperPoweredUITests */,
				F587BFED1EDE501B00A73353 /* Products */,
				F524A15C1EE4FF4400D0FF26 /* Frameworks */,
			);
			sourceTree = "<group>";
		};
		F587BFED1EDE501B00A73353 /* Products */ = {
			isa = PBXGroup;
			children = (
				F587BFEC1EDE501B00A73353 /* 5-31SuperPowered.app */,
				F587C0051EDE501C00A73353 /* 5-31SuperPoweredTests.xctest */,
				F587C0101EDE501C00A73353 /* 5-31SuperPoweredUITests.xctest */,
			);
			name = Products;
			sourceTree = "<group>";
		};
		F587BFEE1EDE501B00A73353 /* 5-31SuperPowered */ = {
			isa = PBXGroup;
			children = (
				F54494591EE8EE15006861D6 /* WYSoundWaveView.h */,
				F544945A1EE8EE15006861D6 /* WYSoundWaveView.m */,
				F544945C1EE9230E006861D6 /* WYSoundWaveRenderBufferQueue.h */,
				F544945D1EE9230E006861D6 /* WYSoundWaveRenderBufferQueue.mm */,
				F544945F1EE96DBB006861D6 /* WYSoundWaveBufferQueue.h */,
				F54494601EE96DBB006861D6 /* WYSoundWaveBufferQueue.mm */,
				F524A1301EE4E07B00D0FF26 /* Superpowered */,
				F587BFF21EDE501B00A73353 /* AppDelegate.h */,
				F587BFF31EDE501B00A73353 /* AppDelegate.m */,
				F587BFF51EDE501B00A73353 /* ViewController.h */,
				F587BFF61EDE501B00A73353 /* ViewController.mm */,
				F587BFF81EDE501B00A73353 /* Main.storyboard */,
				F587BFFB1EDE501B00A73353 /* Assets.xcassets */,
				F587BFFD1EDE501B00A73353 /* LaunchScreen.storyboard */,
				F587C0001EDE501B00A73353 /* Info.plist */,
				F575FA9E1EEE345600767D0B /* KakiImp.mp3 */,
				F587BFEF1EDE501B00A73353 /* Supporting Files */,
				F54494491EE7C93B006861D6 /* FIT_UI.m */,
				F544944B1EE7C991006861D6 /* FIT_UI_FOR_DYNAMICSCREENSIZE.h */,
				F544944C1EE7C991006861D6 /* FIT_UI_FOR_DYNAMICSCREENSIZE.m */,
			);
			path = "5-31SuperPowered";
			sourceTree = "<group>";
		};
		F587BFEF1EDE501B00A73353 /* Supporting Files */ = {
			isa = PBXGroup;
			children = (
				F587BFF01EDE501B00A73353 /* main.m */,
			);
			name = "Supporting Files";
			sourceTree = "<group>";
		};
		F587C0081EDE501C00A73353 /* 5-31SuperPoweredTests */ = {
			isa = PBXGroup;
			children = (
				F587C0091EDE501C00A73353 /* __31SuperPoweredTests.m */,
				F587C00B1EDE501C00A73353 /* Info.plist */,
			);
			path = "5-31SuperPoweredTests";
			sourceTree = "<group>";
		};
		F587C0131EDE501C00A73353 /* 5-31SuperPoweredUITests */ = {
			isa = PBXGroup;
			children = (
				F587C0141EDE501C00A73353 /* __31SuperPoweredUITests.m */,
				F587C0161EDE501C00A73353 /* Info.plist */,
			);
			path = "5-31SuperPoweredUITests";
			sourceTree = "<group>";
		};
/* End PBXGroup section */

/* Begin PBXNativeTarget section */
		F587BFEB1EDE501B00A73353 /* 5-31SuperPowered */ = {
			isa = PBXNativeTarget;
			buildConfigurationList = F587C0191EDE501C00A73353 /* Build configuration list for PBXNativeTarget "5-31SuperPowered" */;
			buildPhases = (
				F587BFE81EDE501B00A73353 /* Sources */,
				F587BFE91EDE501B00A73353 /* Frameworks */,
				F587BFEA1EDE501B00A73353 /* Resources */,
			);
			buildRules = (
			);
			dependencies = (
			);
			name = "5-31SuperPowered";
			productName = "5-31SuperPowered";
			productReference = F587BFEC1EDE501B00A73353 /* 5-31SuperPowered.app */;
			productType = "com.apple.product-type.application";
		};
		F587C0041EDE501C00A73353 /* 5-31SuperPoweredTests */ = {
			isa = PBXNativeTarget;
			buildConfigurationList = F587C01C1EDE501C00A73353 /* Build configuration list for PBXNativeTarget "5-31SuperPoweredTests" */;
			buildPhases = (
				F587C0011EDE501C00A73353 /* Sources */,
				F587C0021EDE501C00A73353 /* Frameworks */,
				F587C0031EDE501C00A73353 /* Resources */,
			);
			buildRules = (
			);
			dependencies = (
				F587C0071EDE501C00A73353 /* PBXTargetDependency */,
			);
			name = "5-31SuperPoweredTests";
			productName = "5-31SuperPoweredTests";
			productReference = F587C0051EDE501C00A73353 /* 5-31SuperPoweredTests.xctest */;
			productType = "com.apple.product-type.bundle.unit-test";
		};
		F587C00F1EDE501C00A73353 /* 5-31SuperPoweredUITests */ = {
			isa = PBXNativeTarget;
			buildConfigurationList = F587C01F1EDE501C00A73353 /* Build configuration list for PBXNativeTarget "5-31SuperPoweredUITests" */;
			buildPhases = (
				F587C00C1EDE501C00A73353 /* Sources */,
				F587C00D1EDE501C00A73353 /* Frameworks */,
				F587C00E1EDE501C00A73353 /* Resources */,
			);
			buildRules = (
			);
			dependencies = (
				F587C0121EDE501C00A73353 /* PBXTargetDependency */,
			);
			name = "5-31SuperPoweredUITests";
			productName = "5-31SuperPoweredUITests";
			productReference = F587C0101EDE501C00A73353 /* 5-31SuperPoweredUITests.xctest */;
			productType = "com.apple.product-type.bundle.ui-testing";
		};
/* End PBXNativeTarget section */

/* Begin PBXProject section */
		F587BFE41EDE501B00A73353 /* Project object */ = {
			isa = PBXProject;
			attributes = {
				LastUpgradeCheck = 0820;
				ORGANIZATIONNAME = wyman;
				TargetAttributes = {
					F587BFEB1EDE501B00A73353 = {
						CreatedOnToolsVersion = 8.2.1;
						DevelopmentTeam = F3ZZL9NMTQ;
						ProvisioningStyle = Automatic;
					};
					F587C0041EDE501C00A73353 = {
						CreatedOnToolsVersion = 8.2.1;
						DevelopmentTeam = 9T725P7UDK;
						ProvisioningStyle = Automatic;
						TestTargetID = F587BFEB1EDE501B00A73353;
					};
					F587C00F1EDE501C00A73353 = {
						CreatedOnToolsVersion = 8.2.1;
						DevelopmentTeam = 9T725P7UDK;
						ProvisioningStyle = Automatic;
						TestTargetID = F587BFEB1EDE501B00A73353;
					};
				};
			};
			buildConfigurationList = F587BFE71EDE501B00A73353 /* Build configuration list for PBXProject "5-31SuperPowered" */;
			compatibilityVersion = "Xcode 3.2";
			developmentRegion = English;
			hasScannedForEncodings = 0;
			knownRegions = (
				en,
				Base,
			);
			mainGroup = F587BFE31EDE501B00A73353;
			productRefGroup = F587BFED1EDE501B00A73353 /* Products */;
			projectDirPath = "";
			projectRoot = "";
			targets = (
				F587BFEB1EDE501B00A73353 /* 5-31SuperPowered */,
				F587C0041EDE501C00A73353 /* 5-31SuperPoweredTests */,
				F587C00F1EDE501C00A73353 /* 5-31SuperPoweredUITests */,
			);
		};
/* End PBXProject section */

/* Begin PBXResourcesBuildPhase section */
		F587BFEA1EDE501B00A73353 /* Resources */ = {
			isa = PBXResourcesBuildPhase;
			buildActionMask = 2147483647;
			files = (
				F587BFFF1EDE501B00A73353 /* LaunchScreen.storyboard in Resources */,
				F587BFFC1EDE501B00A73353 /* Assets.xcassets in Resources */,
				F587BFFA1EDE501B00A73353 /* Main.storyboard in Resources */,
				F524A15A1EE4FE3B00D0FF26 /* SuperpoweredOfflineProcessingExample-Info.plist in Resources */,
				F575FA9F1EEE345600767D0B /* KakiImp.mp3 in Resources */,
			);
			runOnlyForDeploymentPostprocessing = 0;
		};
		F587C0031EDE501C00A73353 /* Resources */ = {
			isa = PBXResourcesBuildPhase;
			buildActionMask = 2147483647;
			files = (
			);
			runOnlyForDeploymentPostprocessing = 0;
		};
		F587C00E1EDE501C00A73353 /* Resources */ = {
			isa = PBXResourcesBuildPhase;
			buildActionMask = 2147483647;
			files = (
			);
			runOnlyForDeploymentPostprocessing = 0;
		};
/* End PBXResourcesBuildPhase section */

/* Begin PBXSourcesBuildPhase section */
		F587BFE81EDE501B00A73353 /* Sources */ = {
			isa = PBXSourcesBuildPhase;
			buildActionMask = 2147483647;
			files = (
				F54494611EE96DBB006861D6 /* WYSoundWaveBufferQueue.mm in Sources */,
				F544945E1EE9230E006861D6 /* WYSoundWaveRenderBufferQueue.mm in Sources */,
				F544944D1EE7C991006861D6 /* FIT_UI_FOR_DYNAMICSCREENSIZE.m in Sources */,
				F587BFF71EDE501B00A73353 /* ViewController.mm in Sources */,
				F587BFF41EDE501B00A73353 /* AppDelegate.m in Sources */,
				F544945B1EE8EE15006861D6 /* WYSoundWaveView.m in Sources */,
				F587BFF11EDE501B00A73353 /* main.m in Sources */,
				F524A1551EE4E07B00D0FF26 /* SuperpoweredIOSAudioIO.mm in Sources */,
				F524A1561EE4E07B00D0FF26 /* SuperpoweredNBandEQ.cpp in Sources */,
				F544944A1EE7C93B006861D6 /* FIT_UI.m in Sources */,
			);
			runOnlyForDeploymentPostprocessing = 0;
		};
		F587C0011EDE501C00A73353 /* Sources */ = {
			isa = PBXSourcesBuildPhase;
			buildActionMask = 2147483647;
			files = (
				F587C00A1EDE501C00A73353 /* __31SuperPoweredTests.m in Sources */,
			);
			runOnlyForDeploymentPostprocessing = 0;
		};
		F587C00C1EDE501C00A73353 /* Sources */ = {
			isa = PBXSourcesBuildPhase;
			buildActionMask = 2147483647;
			files = (
				F587C0151EDE501C00A73353 /* __31SuperPoweredUITests.m in Sources */,
			);
			runOnlyForDeploymentPostprocessing = 0;
		};
/* End PBXSourcesBuildPhase section */

/* Begin PBXTargetDependency section */
		F587C0071EDE501C00A73353 /* PBXTargetDependency */ = {
			isa = PBXTargetDependency;
			target = F587BFEB1EDE501B00A73353 /* 5-31SuperPowered */;
			targetProxy = F587C0061EDE501C00A73353 /* PBXContainerItemProxy */;
		};
		F587C0121EDE501C00A73353 /* PBXTargetDependency */ = {
			isa = PBXTargetDependency;
			target = F587BFEB1EDE501B00A73353 /* 5-31SuperPowered */;
			targetProxy = F587C0111EDE501C00A73353 /* PBXContainerItemProxy */;
		};
/* End PBXTargetDependency section */

/* Begin PBXVariantGroup section */
		F587BFF81EDE501B00A73353 /* Main.storyboard */ = {
			isa = PBXVariantGroup;
			children = (
				F587BFF91EDE501B00A73353 /* Base */,
			);
			name = Main.storyboard;
			sourceTree = "<group>";
		};
		F587BFFD1EDE501B00A73353 /* LaunchScreen.storyboard */ = {
			isa = PBXVariantGroup;
			children = (
				F587BFFE1EDE501B00A73353 /* Base */,
			);
			name = LaunchScreen.storyboard;
			sourceTree = "<group>";
		};
/* End PBXVariantGroup section */

/* Begin XCBuildConfiguration section */
		F587C0171EDE501C00A73353 /* Debug */ = {
			isa = XCBuildConfiguration;
			buildSettings = {
				ALWAYS_SEARCH_USER_PATHS = NO;
				CLANG_ANALYZER_NONNULL = YES;
				CLANG_CXX_LANGUAGE_STANDARD = "gnu++0x";
				CLANG_CXX_LIBRARY = "libc++";
				CLANG_ENABLE_MODULES = YES;
				CLANG_ENABLE_OBJC_ARC = YES;
				CLANG_WARN_BOOL_CONVERSION = YES;
				CLANG_WARN_CONSTANT_CONVERSION = YES;
				CLANG_WARN_DIRECT_OBJC_ISA_USAGE = YES_ERROR;
				CLANG_WARN_DOCUMENTATION_COMMENTS = YES;
				CLANG_WARN_EMPTY_BODY = YES;
				CLANG_WARN_ENUM_CONVERSION = YES;
				CLANG_WARN_INFINITE_RECURSION = YES;
				CLANG_WARN_INT_CONVERSION = YES;
				CLANG_WARN_OBJC_ROOT_CLASS = YES_ERROR;
				CLANG_WARN_SUSPICIOUS_MOVE = YES;
				CLANG_WARN_UNREACHABLE_CODE = YES;
				CLANG_WARN__DUPLICATE_METHOD_MATCH = YES;
				"CODE_SIGN_IDENTITY[sdk=iphoneos*]" = "iPhone Developer";
				COPY_PHASE_STRIP = NO;
				DEBUG_INFORMATION_FORMAT = dwarf;
				ENABLE_STRICT_OBJC_MSGSEND = YES;
				ENABLE_TESTABILITY = YES;
				GCC_C_LANGUAGE_STANDARD = gnu99;
				GCC_DYNAMIC_NO_PIC = NO;
				GCC_NO_COMMON_BLOCKS = YES;
				GCC_OPTIMIZATION_LEVEL = 0;
				GCC_PREPROCESSOR_DEFINITIONS = (
					"DEBUG=1",
					"$(inherited)",
				);
				GCC_WARN_64_TO_32_BIT_CONVERSION = YES;
				GCC_WARN_ABOUT_RETURN_TYPE = YES_ERROR;
				GCC_WARN_UNDECLARED_SELECTOR = YES;
				GCC_WARN_UNINITIALIZED_AUTOS = YES_AGGRESSIVE;
				GCC_WARN_UNUSED_FUNCTION = YES;
				GCC_WARN_UNUSED_VARIABLE = YES;
				IPHONEOS_DEPLOYMENT_TARGET = 10.2;
				MTL_ENABLE_DEBUG_INFO = YES;
				ONLY_ACTIVE_ARCH = YES;
				SDKROOT = iphoneos;
				TARGETED_DEVICE_FAMILY = "1,2";
			};
			name = Debug;
		};
		F587C0181EDE501C00A73353 /* Release */ = {
			isa = XCBuildConfiguration;
			buildSettings = {
				ALWAYS_SEARCH_USER_PATHS = NO;
				CLANG_ANALYZER_NONNULL = YES;
				CLANG_CXX_LANGUAGE_STANDARD = "gnu++0x";
				CLANG_CXX_LIBRARY = "libc++";
				CLANG_ENABLE_MODULES = YES;
				CLANG_ENABLE_OBJC_ARC = YES;
				CLANG_WARN_BOOL_CONVERSION = YES;
				CLANG_WARN_CONSTANT_CONVERSION = YES;
				CLANG_WARN_DIRECT_OBJC_ISA_USAGE = YES_ERROR;
				CLANG_WARN_DOCUMENTATION_COMMENTS = YES;
				CLANG_WARN_EMPTY_BODY = YES;
				CLANG_WARN_ENUM_CONVERSION = YES;
				CLANG_WARN_INFINITE_RECURSION = YES;
				CLANG_WARN_INT_CONVERSION = YES;
				CLANG_WARN_OBJC_ROOT_CLASS = YES_ERROR;
				CLANG_WARN_SUSPICIOUS_MOVE = YES;
				CLANG_WARN_UNREACHABLE_CODE = YES;
				CLANG_WARN__DUPLICATE_METHOD_MATCH = YES;
				"CODE_SIGN_IDENTITY[sdk=iphoneos*]" = "iPhone Developer";
				COPY_PHASE_STRIP = NO;
				DEBUG_INFORMATION_FORMAT = "dwarf-with-dsym";
				ENABLE_NS_ASSERTIONS = NO;
				ENABLE_STRICT_OBJC_MSGSEND = YES;
				GCC_C_LANGUAGE_STANDARD = gnu99;
				GCC_NO_COMMON_BLOCKS = YES;
				GCC_WARN_64_TO_32_BIT_CONVERSION = YES;
				GCC_WARN_ABOUT_RETURN_TYPE = YES_ERROR;
				GCC_WARN_UNDECLARED_SELECTOR = YES;
				GCC_WARN_UNINITIALIZED_AUTOS = YES_AGGRESSIVE;
				GCC_WARN_UNUSED_FUNCTION = YES;
				GCC_WARN_UNUSED_VARIABLE = YES;
				IPHONEOS_DEPLOYMENT_TARGET = 10.2;
				MTL_ENABLE_DEBUG_INFO = NO;
				SDKROOT = iphoneos;
				TARGETED_DEVICE_FAMILY = "1,2";
				VALIDATE_PRODUCT = YES;
			};
			name = Release;
		};
		F587C01A1EDE501C00A73353 /* Debug */ = {
			isa = XCBuildConfiguration;
			buildSettings = {
				ASSETCATALOG_COMPILER_APPICON_NAME = AppIcon;
				CLANG_CXX_LANGUAGE_STANDARD = "gnu++0x";
				DEVELOPMENT_TEAM = F3ZZL9NMTQ;
				GCC_PRECOMPILE_PREFIX_HEADER = NO;
				GCC_PREFIX_HEADER = "";
				GCC_PREPROCESSOR_DEFINITIONS = "";
				INFOPLIST_FILE = "5-31SuperPowered/Info.plist";
				IPHONEOS_DEPLOYMENT_TARGET = 9.0;
				LD_RUNPATH_SEARCH_PATHS = "$(inherited) @executable_path/Frameworks";
				LIBRARY_SEARCH_PATHS = (
					"$(inherited)",
					"$(PROJECT_DIR)/5-31SuperPowered/Superpowered",
					"$(PROJECT_DIR)/5-31SuperPowered/WebRTC",
				);
				PRODUCT_BUNDLE_IDENTIFIER = "-1SuperPoweredDemo";
				PRODUCT_NAME = "$(TARGET_NAME)";
			};
			name = Debug;
		};
		F587C01B1EDE501C00A73353 /* Release */ = {
			isa = XCBuildConfiguration;
			buildSettings = {
				ASSETCATALOG_COMPILER_APPICON_NAME = AppIcon;
				CLANG_CXX_LANGUAGE_STANDARD = "gnu++0x";
				DEVELOPMENT_TEAM = F3ZZL9NMTQ;
				GCC_PRECOMPILE_PREFIX_HEADER = NO;
				GCC_PREFIX_HEADER = "";
				GCC_PREPROCESSOR_DEFINITIONS = "";
				INFOPLIST_FILE = "5-31SuperPowered/Info.plist";
				IPHONEOS_DEPLOYMENT_TARGET = 9.0;
				LD_RUNPATH_SEARCH_PATHS = "$(inherited) @executable_path/Frameworks";
				LIBRARY_SEARCH_PATHS = (
					"$(inherited)",
					"$(PROJECT_DIR)/5-31SuperPowered/Superpowered",
					"$(PROJECT_DIR)/5-31SuperPowered/WebRTC",
				);
				PRODUCT_BUNDLE_IDENTIFIER = "-1SuperPoweredDemo";
				PRODUCT_NAME = "$(TARGET_NAME)";
			};
			name = Release;
		};
		F587C01D1EDE501C00A73353 /* Debug */ = {
			isa = XCBuildConfiguration;
			buildSettings = {
				BUNDLE_LOADER = "$(TEST_HOST)";
				DEVELOPMENT_TEAM = 9T725P7UDK;
				INFOPLIST_FILE = "5-31SuperPoweredTests/Info.plist";
				LD_RUNPATH_SEARCH_PATHS = "$(inherited) @executable_path/Frameworks @loader_path/Frameworks";
				PRODUCT_BUNDLE_IDENTIFIER = "wyman.--31SuperPoweredTests";
				PRODUCT_NAME = "$(TARGET_NAME)";
				TEST_HOST = "$(BUILT_PRODUCTS_DIR)/5-31SuperPowered.app/5-31SuperPowered";
			};
			name = Debug;
		};
		F587C01E1EDE501C00A73353 /* Release */ = {
			isa = XCBuildConfiguration;
			buildSettings = {
				BUNDLE_LOADER = "$(TEST_HOST)";
				DEVELOPMENT_TEAM = 9T725P7UDK;
				INFOPLIST_FILE = "5-31SuperPoweredTests/Info.plist";
				LD_RUNPATH_SEARCH_PATHS = "$(inherited) @executable_path/Frameworks @loader_path/Frameworks";
				PRODUCT_BUNDLE_IDENTIFIER = "wyman.--31SuperPoweredTests";
				PRODUCT_NAME = "$(TARGET_NAME)";
				TEST_HOST = "$(BUILT_PRODUCTS_DIR)/5-31SuperPowered.app/5-31SuperPowered";
			};
			name = Release;
		};
		F587C0201EDE501C00A73353 /* Debug */ = {
			isa = XCBuildConfiguration;
			buildSettings = {
				DEVELOPMENT_TEAM = 9T725P7UDK;
				INFOPLIST_FILE = "5-31SuperPoweredUITests/Info.plist";
				LD_RUNPATH_SEARCH_PATHS = "$(inherited) @executable_path/Frameworks @loader_path/Frameworks";
				PRODUCT_BUNDLE_IDENTIFIER = "wyman.--31SuperPoweredUITests";
				PRODUCT_NAME = "$(TARGET_NAME)";
				TEST_TARGET_NAME = "5-31SuperPowered";
			};
			name = Debug;
		};
		F587C0211EDE501C00A73353 /* Release */ = {
			isa = XCBuildConfiguration;
			buildSettings = {
				DEVELOPMENT_TEAM = 9T725P7UDK;
				INFOPLIST_FILE = "5-31SuperPoweredUITests/Info.plist";
				LD_RUNPATH_SEARCH_PATHS = "$(inherited) @executable_path/Frameworks @loader_path/Frameworks";
				PRODUCT_BUNDLE_IDENTIFIER = "wyman.--31SuperPoweredUITests";
				PRODUCT_NAME = "$(TARGET_NAME)";
				TEST_TARGET_NAME = "5-31SuperPowered";
			};
			name = Release;
		};
/* End XCBuildConfiguration section */

/* Begin XCConfigurationList section */
		F587BFE71EDE501B00A73353 /* Build configuration list for PBXProject "5-31SuperPowered" */ = {
			isa = XCConfigurationList;
			buildConfigurations = (
				F587C0171EDE501C00A73353 /* Debug */,
				F587C0181EDE501C00A73353 /* Release */,
			);
			defaultConfigurationIsVisible = 0;
			defaultConfigurationName = Release;
		};
		F587C0191EDE501C00A73353 /* Build configuration list for PBXNativeTarget "5-31SuperPowered" */ = {
			isa = XCConfigurationList;
			buildConfigurations = (
				F587C01A1EDE501C00A73353 /* Debug */,
				F587C01B1EDE501C00A73353 /* Release */,
			);
			defaultConfigurationIsVisible = 0;
			defaultConfigurationName = Release;
		};
		F587C01C1EDE501C00A73353 /* Build configuration list for PBXNativeTarget "5-31SuperPoweredTests" */ = {
			isa = XCConfigurationList;
			buildConfigurations = (
				F587C01D1EDE501C00A73353 /* Debug */,
				F587C01E1EDE501C00A73353 /* Release */,
			);
			defaultConfigurationIsVisible = 0;
			defaultConfigurationName = Release;
		};
		F587C01F1EDE501C00A73353 /* Build configuration list for PBXNativeTarget "5-31SuperPoweredUITests" */ = {
			isa = XCConfigurationList;
			buildConfigurations = (
				F587C0201EDE501C00A73353 /* Debug */,
				F587C0211EDE501C00A73353 /* Release */,
			);
			defaultConfigurationIsVisible = 0;
			defaultConfigurationName = Release;
		};
/* End XCConfigurationList section */
	};
	rootObject = F587BFE41EDE501B00A73353 /* Project object */;
}
